{
	"name": "shared",
	"version": "1.0.0",
	"lockfileVersion": 3,
	"requires": true,
	"packages": {
		"": {
			"name": "shared",
			"version": "1.0.0",
			"devDependencies": {
				"zod": "^4.1.8"
			},
			"peerDependencies": {
				"@prisma/client": "^5.7.1"
			}
		},
		"node_modules/@prisma/client": {
			"version": "5.22.0",
			"resolved": "https://registry.npmjs.org/@prisma/client/-/client-5.22.0.tgz",
			"integrity": "sha512-M0SVXfyHnQREBKxCgyo7sffrKttwE6R8PMq330MIUF0pTwjUhLbW84pFDlf06B27XyCR++VtjugEnIHdr07SVA==",
			"hasInstallScript": true,
			"license": "Apache-2.0",
			"peer": true,
			"engines": {
				"node": ">=16.13"
			},
			"peerDependencies": {
				"prisma": "*"
			},
			"peerDependenciesMeta": {
				"prisma": {
					"optional": true
				}
			}
		},
		"node_modules/zod": {
			"version": "4.1.8",
			"resolved": "https://registry.npmjs.org/zod/-/zod-4.1.8.tgz",
			"integrity": "sha512-5R1P+WwQqmmMIEACyzSvo4JXHY5WiAFHRMg+zBZKgKS+Q1viRa0C1hmUKtHltoIFKtIdki3pRxkmpP74jnNYHQ==",
			"dev": true,
			"license": "MIT",
			"funding": {
				"url": "https://github.com/sponsors/colinhacks"
			}
		}
	}
}
